
Microsoft Visual Studio Solution File, Format Version 12.00
# Visual Studio 2012
Project("{FAE04EC0-301F-11D3-BF4B-00C04F79EFBC}") = "Framework.Website", "Framework.Website\Framework.Website.csproj", "{77AE93DB-2C5E-425E-9C93-6FA3A72E9D1F}"
EndProject
Project("{FAE04EC0-301F-11D3-BF4B-00C04F79EFBC}") = "Framework.Utilities.OgTagManagers", "Framework.Utilities\Framework.Utilities.OgTagManagers.csproj", "{74C35C05-11CF-4834-87A6-FA059EF13130}"
EndProject
Global
	GlobalSection(SolutionConfigurationPlatforms) = preSolution
		Debug|Any CPU = Debug|Any CPU
		Release|Any CPU = Release|Any CPU
	EndGlobalSection
	GlobalSection(ProjectConfigurationPlatforms) = postSolution
		{77AE93DB-2C5E-425E-9C93-6FA3A72E9D1F}.Debug|Any CPU.ActiveCfg = Debug|Any CPU
		{77AE93DB-2C5E-425E-9C93-6FA3A72E9D1F}.Debug|Any CPU.Build.0 = Debug|Any CPU
		{77AE93DB-2C5E-425E-9C93-6FA3A72E9D1F}.Release|Any CPU.ActiveCfg = Release|Any CPU
		{77AE93DB-2C5E-425E-9C93-6FA3A72E9D1F}.Release|Any CPU.Build.0 = Release|Any CPU
		{74C35C05-11CF-4834-87A6-FA059EF13130}.Debug|Any CPU.ActiveCfg = Debug|Any CPU
		{74C35C05-11CF-4834-87A6-FA059EF13130}.Debug|Any CPU.Build.0 = Debug|Any CPU
		{74C35C05-11CF-4834-87A6-FA059EF13130}.Release|Any CPU.ActiveCfg = Release|Any CPU
		{74C35C05-11CF-4834-87A6-FA059EF13130}.Release|Any CPU.Build.0 = Release|Any CPU
	EndGlobalSection
	GlobalSection(SolutionProperties) = preSolution
		HideSolutionNode = FALSE
	EndGlobalSection
EndGlobal
